// !$*UTF8*$!
{
	archiveVersion = 1;
	classes = {
	};
	objectVersion = 77;
	objects = {

/* Begin PBXBuildFile section */
		037A599E2DF7CF12FE0D2FDB /* PermissionController.swift in Sources */ = {isa = PBXBuildFile; fileRef = 1B99829E68796F87CA56BC18 /* PermissionController.swift */; };
		08C26D4A732097EDC86E7889 /* LinkHintEngine.swift in Sources */ = {isa = PBXBuildFile; fileRef = 12FD49DCDC53D5540670E20F /* LinkHintEngine.swift */; };
		08DF777457F9B98F206B81F3 /* SitesStoreTests.swift in Sources */ = {isa = PBXBuildFile; fileRef = 733859216D77D02BFEEFD8C2 /* SitesStoreTests.swift */; };
		1410B4C19F0E740C36EA7140 /* Sparkle in Frameworks */ = {isa = PBXBuildFile; productRef = EA9D65BC2F543890BC1F4BE0 /* Sparkle */; };
		145EB7088EE741755FE65E9F /* KeyCatalogTests.swift in Sources */ = {isa = PBXBuildFile; fileRef = 0C0BEE7B1A705BFD0252CAFB /* KeyCatalogTests.swift */; };
		19880BA1951291CAD2B528BB /* MenuBarIconView.swift in Sources */ = {isa = PBXBuildFile; fileRef = 004109781E456471EA923D53 /* MenuBarIconView.swift */; };
		233EC0FDD4AF2C0FE6486471 /* USKeyboardLayoutTests.swift in Sources */ = {isa = PBXBuildFile; fileRef = B8212FCD7AE373B1BF7E2AE7 /* USKeyboardLayoutTests.swift */; };
		256EC8ABD4596F84E62A5259 /* SafariBridge.swift in Sources */ = {isa = PBXBuildFile; fileRef = 4108153C9AF722A1FCC16B8F /* SafariBridge.swift */; };
		25BABCD42029B613E734270D /* SafariRoleClassifierTests.swift in Sources */ = {isa = PBXBuildFile; fileRef = 2EDB80F84565BA437686D9DF /* SafariRoleClassifierTests.swift */; };
		271A12C9FF9A2195C1E313B6 /* HelpOverlayWindow.swift in Sources */ = {isa = PBXBuildFile; fileRef = 7E9EF346AE2E85D479CE5E34 /* HelpOverlayWindow.swift */; };
		2FC0B88CD3E01789963DCEB5 /* SettingsStore.swift in Sources */ = {isa = PBXBuildFile; fileRef = 164FDFCFEBCBD4F6DA118795 /* SettingsStore.swift */; };
		3BF71BBDA9A6C3E0CFEBD3C9 /* VimStateMachine.swift in Sources */ = {isa = PBXBuildFile; fileRef = 57CDAC30AF31E71F59144F6B /* VimStateMachine.swift */; };
		41C3903DC6EADB47FFDF37FE /* VimStateMachineTests.swift in Sources */ = {isa = PBXBuildFile; fileRef = 20A92B62749BD7E48E714683 /* VimStateMachineTests.swift */; };
		42DF4916F2EDA85F07135995 /* EventTapService.swift in Sources */ = {isa = PBXBuildFile; fileRef = 01D5EC39F624E7E18B3A3D86 /* EventTapService.swift */; };
		492282F39E9367E6403EB8B5 /* SafariRoleClassifier.swift in Sources */ = {isa = PBXBuildFile; fileRef = 38843A996B96698BF4ECD02A /* SafariRoleClassifier.swift */; };
		521A69AB58F6C0DD80586D67 /* AppModel.swift in Sources */ = {isa = PBXBuildFile; fileRef = 514129D1C8FA0A6FD0F6AD0E /* AppModel.swift */; };
		581FEC85478083C73505E5D0 /* Assets.xcassets in Resources */ = {isa = PBXBuildFile; fileRef = 4F228CD26B6C9F6D5A404A12 /* Assets.xcassets */; };
		5E7346DC55AC5BC150384642 /* KeyCatalog.swift in Sources */ = {isa = PBXBuildFile; fileRef = 12DD44CB7ADCBF6AB9CDF258 /* KeyCatalog.swift */; };
		6368B980DFE82DD0F925C862 /* USKeyboardLayout.swift in Sources */ = {isa = PBXBuildFile; fileRef = 8DE55A32FD697066857778A2 /* USKeyboardLayout.swift */; };
		679926D748503FB62A04AE3A /* SitesStore.swift in Sources */ = {isa = PBXBuildFile; fileRef = 3FA6E9F62BE2AD7FCF356518 /* SitesStore.swift */; };
		7C04874311C3634430C699EA /* AXLinkExtractor.swift in Sources */ = {isa = PBXBuildFile; fileRef = 4829AA47AA7C3D71186E52C7 /* AXLinkExtractor.swift */; };
		7D3F61E34BA0F49D1EF75E48 /* LaunchAtLoginController.swift in Sources */ = {isa = PBXBuildFile; fileRef = 15896B24641581543DBA4FA2 /* LaunchAtLoginController.swift */; };
		808C03952C75ABEF7C80DCA9 /* KeyboardLayoutCache.swift in Sources */ = {isa = PBXBuildFile; fileRef = 1A436DBB67699499A37E5C9D /* KeyboardLayoutCache.swift */; };
		85DB839D20DA9EC340F6BBBF /* StatusMenuView.swift in Sources */ = {isa = PBXBuildFile; fileRef = 3ADF6D313D3FD5437453CF47 /* StatusMenuView.swift */; };
		8DB4853FBB289C68E5CC4D6E /* VomnibarCoordinator.swift in Sources */ = {isa = PBXBuildFile; fileRef = D5FB745C4745727F1DD18A7B /* VomnibarCoordinator.swift */; };
		92BAE5C984A99769E4A08A82 /* SettingsView.swift in Sources */ = {isa = PBXBuildFile; fileRef = 034AE2C7D5C982723685AA72 /* SettingsView.swift */; };
		9DEADF1AEF0CEDAF8290A2B1 /* VomnibarWindow.swift in Sources */ = {isa = PBXBuildFile; fileRef = 44F53A03E5FDE7D7B92D5901 /* VomnibarWindow.swift */; };
		B008C392E6B077B6C47FFD4C /* LinkHintCoordinator.swift in Sources */ = {isa = PBXBuildFile; fileRef = 81C32FFAAAC97D2F8C9D555F /* LinkHintCoordinator.swift */; };
		C2B97EEAE7416D29EDCA4B61 /* EventTapEngine.swift in Sources */ = {isa = PBXBuildFile; fileRef = 4D59CB50E2605937670B3A1C /* EventTapEngine.swift */; };
		C3E978198846A7C234D21F3C /* VimSettings.swift in Sources */ = {isa = PBXBuildFile; fileRef = 63F9A5BB959472464EFBE253 /* VimSettings.swift */; };
		CA6A1DABCD38EB44F6DA0369 /* SafariBookmarks.swift in Sources */ = {isa = PBXBuildFile; fileRef = 9A1368746B58D900849CEC8E /* SafariBookmarks.swift */; };
		D2218425E2081E51D03957AA /* OverlayManager.swift in Sources */ = {isa = PBXBuildFile; fileRef = CB12CCCCDE0BBB561429EBBF /* OverlayManager.swift */; };
		D3553166021422DD6FE16A64 /* SettingsStoreTests.swift in Sources */ = {isa = PBXBuildFile; fileRef = A63B662FA15A787614BD7028 /* SettingsStoreTests.swift */; };
		D5D89FF8B52361736F5BB5D7 /* SafariObserver.swift in Sources */ = {isa = PBXBuildFile; fileRef = 8D316DCF978DDD42EA98898E /* SafariObserver.swift */; };
		D9766F2EF69BD8227882F7EA /* HintOverlayWindow.swift in Sources */ = {isa = PBXBuildFile; fileRef = 4125D9266CA809EF832E9E22 /* HintOverlayWindow.swift */; };
		F0ABC31E0DBF7F32A1A7B80C /* LinkHintEngineTests.swift in Sources */ = {isa = PBXBuildFile; fileRef = 37C6C4E55A64EFC5E8AD4F84 /* LinkHintEngineTests.swift */; };
		F3BBA4DA1D2008B48CF65B5D /* SafariBookmarksTests.swift in Sources */ = {isa = PBXBuildFile; fileRef = 5E8FF24F6720B9B25FD71145 /* SafariBookmarksTests.swift */; };
		F96B50A1A1253FB0F0FE4654 /* VimKeysApp.swift in Sources */ = {isa = PBXBuildFile; fileRef = 6189A6AC773A645B6AD9BCCB /* VimKeysApp.swift */; };
/* End PBXBuildFile section */

/* Begin PBXContainerItemProxy section */
		03C853A1004102E670A82E6F /* PBXContainerItemProxy */ = {
			isa = PBXContainerItemProxy;
			containerPortal = A823DE2C407477C37625B01C /* Project object */;
			proxyType = 1;
			remoteGlobalIDString = FB8687E2611B9DF5A4A5B89C;
			remoteInfo = VimKeys;
		};
/* End PBXContainerItemProxy section */

/* Begin PBXFileReference section */
		004109781E456471EA923D53 /* MenuBarIconView.swift */ = {isa = PBXFileReference; lastKnownFileType = sourcecode.swift; path = MenuBarIconView.swift; sourceTree = "<group>"; };
		01D5EC39F624E7E18B3A3D86 /* EventTapService.swift */ = {isa = PBXFileReference; lastKnownFileType = sourcecode.swift; path = EventTapService.swift; sourceTree = "<group>"; };
		034AE2C7D5C982723685AA72 /* SettingsView.swift */ = {isa = PBXFileReference; lastKnownFileType = sourcecode.swift; path = SettingsView.swift; sourceTree = "<group>"; };
		0C0BEE7B1A705BFD0252CAFB /* KeyCatalogTests.swift */ = {isa = PBXFileReference; lastKnownFileType = sourcecode.swift; path = KeyCatalogTests.swift; sourceTree = "<group>"; };
		12DD44CB7ADCBF6AB9CDF258 /* KeyCatalog.swift */ = {isa = PBXFileReference; lastKnownFileType = sourcecode.swift; path = KeyCatalog.swift; sourceTree = "<group>"; };
		12FD49DCDC53D5540670E20F /* LinkHintEngine.swift */ = {isa = PBXFileReference; lastKnownFileType = sourcecode.swift; path = LinkHintEngine.swift; sourceTree = "<group>"; };
		15020DE37358FED17B5191A5 /* VimKeysTests.xctest */ = {isa = PBXFileReference; explicitFileType = wrapper.cfbundle; includeInIndex = 0; path = VimKeysTests.xctest; sourceTree = BUILT_PRODUCTS_DIR; };
		15896B24641581543DBA4FA2 /* LaunchAtLoginController.swift */ = {isa = PBXFileReference; lastKnownFileType = sourcecode.swift; path = LaunchAtLoginController.swift; sourceTree = "<group>"; };
		164FDFCFEBCBD4F6DA118795 /* SettingsStore.swift */ = {isa = PBXFileReference; lastKnownFileType = sourcecode.swift; path = SettingsStore.swift; sourceTree = "<group>"; };
		1A436DBB67699499A37E5C9D /* KeyboardLayoutCache.swift */ = {isa = PBXFileReference; lastKnownFileType = sourcecode.swift; path = KeyboardLayoutCache.swift; sourceTree = "<group>"; };
		1B99829E68796F87CA56BC18 /* PermissionController.swift */ = {isa = PBXFileReference; lastKnownFileType = sourcecode.swift; path = PermissionController.swift; sourceTree = "<group>"; };
		20A92B62749BD7E48E714683 /* VimStateMachineTests.swift */ = {isa = PBXFileReference; lastKnownFileType = sourcecode.swift; path = VimStateMachineTests.swift; sourceTree = "<group>"; };
		2EDB80F84565BA437686D9DF /* SafariRoleClassifierTests.swift */ = {isa = PBXFileReference; lastKnownFileType = sourcecode.swift; path = SafariRoleClassifierTests.swift; sourceTree = "<group>"; };
		37C6C4E55A64EFC5E8AD4F84 /* LinkHintEngineTests.swift */ = {isa = PBXFileReference; lastKnownFileType = sourcecode.swift; path = LinkHintEngineTests.swift; sourceTree = "<group>"; };
		38843A996B96698BF4ECD02A /* SafariRoleClassifier.swift */ = {isa = PBXFileReference; lastKnownFileType = sourcecode.swift; path = SafariRoleClassifier.swift; sourceTree = "<group>"; };
		3ADF6D313D3FD5437453CF47 /* StatusMenuView.swift */ = {isa = PBXFileReference; lastKnownFileType = sourcecode.swift; path = StatusMenuView.swift; sourceTree = "<group>"; };
		3FA6E9F62BE2AD7FCF356518 /* SitesStore.swift */ = {isa = PBXFileReference; lastKnownFileType = sourcecode.swift; path = SitesStore.swift; sourceTree = "<group>"; };
		4108153C9AF722A1FCC16B8F /* SafariBridge.swift */ = {isa = PBXFileReference; lastKnownFileType = sourcecode.swift; path = SafariBridge.swift; sourceTree = "<group>"; };
		4125D9266CA809EF832E9E22 /* HintOverlayWindow.swift */ = {isa = PBXFileReference; lastKnownFileType = sourcecode.swift; path = HintOverlayWindow.swift; sourceTree = "<group>"; };
		44F53A03E5FDE7D7B92D5901 /* VomnibarWindow.swift */ = {isa = PBXFileReference; lastKnownFileType = sourcecode.swift; path = VomnibarWindow.swift; sourceTree = "<group>"; };
		4829AA47AA7C3D71186E52C7 /* AXLinkExtractor.swift */ = {isa = PBXFileReference; lastKnownFileType = sourcecode.swift; path = AXLinkExtractor.swift; sourceTree = "<group>"; };
		4D59CB50E2605937670B3A1C /* EventTapEngine.swift */ = {isa = PBXFileReference; lastKnownFileType = sourcecode.swift; path = EventTapEngine.swift; sourceTree = "<group>"; };
		4F228CD26B6C9F6D5A404A12 /* Assets.xcassets */ = {isa = PBXFileReference; lastKnownFileType = folder.assetcatalog; path = Assets.xcassets; sourceTree = "<group>"; };
		4FC92EA860523A408A31F8AA /* VimKeys.app */ = {isa = PBXFileReference; explicitFileType = wrapper.application; includeInIndex = 0; path = VimKeys.app; sourceTree = BUILT_PRODUCTS_DIR; };
		514129D1C8FA0A6FD0F6AD0E /* AppModel.swift */ = {isa = PBXFileReference; lastKnownFileType = sourcecode.swift; path = AppModel.swift; sourceTree = "<group>"; };
		57CDAC30AF31E71F59144F6B /* VimStateMachine.swift */ = {isa = PBXFileReference; lastKnownFileType = sourcecode.swift; path = VimStateMachine.swift; sourceTree = "<group>"; };
		5E8FF24F6720B9B25FD71145 /* SafariBookmarksTests.swift */ = {isa = PBXFileReference; lastKnownFileType = sourcecode.swift; path = SafariBookmarksTests.swift; sourceTree = "<group>"; };
		6189A6AC773A645B6AD9BCCB /* VimKeysApp.swift */ = {isa = PBXFileReference; lastKnownFileType = sourcecode.swift; path = VimKeysApp.swift; sourceTree = "<group>"; };
		63F9A5BB959472464EFBE253 /* VimSettings.swift */ = {isa = PBXFileReference; lastKnownFileType = sourcecode.swift; path = VimSettings.swift; sourceTree = "<group>"; };
		733859216D77D02BFEEFD8C2 /* SitesStoreTests.swift */ = {isa = PBXFileReference; lastKnownFileType = sourcecode.swift; path = SitesStoreTests.swift; sourceTree = "<group>"; };
		7E9EF346AE2E85D479CE5E34 /* HelpOverlayWindow.swift */ = {isa = PBXFileReference; lastKnownFileType = sourcecode.swift; path = HelpOverlayWindow.swift; sourceTree = "<group>"; };
		81C32FFAAAC97D2F8C9D555F /* LinkHintCoordinator.swift */ = {isa = PBXFileReference; lastKnownFileType = sourcecode.swift; path = LinkHintCoordinator.swift; sourceTree = "<group>"; };
		8D316DCF978DDD42EA98898E /* SafariObserver.swift */ = {isa = PBXFileReference; lastKnownFileType = sourcecode.swift; path = SafariObserver.swift; sourceTree = "<group>"; };
		8DE55A32FD697066857778A2 /* USKeyboardLayout.swift */ = {isa = PBXFileReference; lastKnownFileType = sourcecode.swift; path = USKeyboardLayout.swift; sourceTree = "<group>"; };
		942AB09B3B5A4820F73B44E7 /* Info.plist */ = {isa = PBXFileReference; lastKnownFileType = text.plist; path = Info.plist; sourceTree = "<group>"; };
		9A1368746B58D900849CEC8E /* SafariBookmarks.swift */ = {isa = PBXFileReference; lastKnownFileType = sourcecode.swift; path = SafariBookmarks.swift; sourceTree = "<group>"; };
		A63B662FA15A787614BD7028 /* SettingsStoreTests.swift */ = {isa = PBXFileReference; lastKnownFileType = sourcecode.swift; path = SettingsStoreTests.swift; sourceTree = "<group>"; };
		B8212FCD7AE373B1BF7E2AE7 /* USKeyboardLayoutTests.swift */ = {isa = PBXFileReference; lastKnownFileType = sourcecode.swift; path = USKeyboardLayoutTests.swift; sourceTree = "<group>"; };
		CB12CCCCDE0BBB561429EBBF /* OverlayManager.swift */ = {isa = PBXFileReference; lastKnownFileType = sourcecode.swift; path = OverlayManager.swift; sourceTree = "<group>"; };
		D5FB745C4745727F1DD18A7B /* VomnibarCoordinator.swift */ = {isa = PBXFileReference; lastKnownFileType = sourcecode.swift; path = VomnibarCoordinator.swift; sourceTree = "<group>"; };
/* End PBXFileReference section */

/* Begin PBXFrameworksBuildPhase section */
		891954214CE8DC325418AB44 /* Frameworks */ = {
			isa = PBXFrameworksBuildPhase;
			buildActionMask = 2147483647;
			files = (
				1410B4C19F0E740C36EA7140 /* Sparkle in Frameworks */,
			);
			runOnlyForDeploymentPostprocessing = 0;
		};
/* End PBXFrameworksBuildPhase section */

/* Begin PBXGroup section */
		10533F23980E224C71FC4455 /* Overlays */ = {
			isa = PBXGroup;
			children = (
				7E9EF346AE2E85D479CE5E34 /* HelpOverlayWindow.swift */,
				4125D9266CA809EF832E9E22 /* HintOverlayWindow.swift */,
				CB12CCCCDE0BBB561429EBBF /* OverlayManager.swift */,
				44F53A03E5FDE7D7B92D5901 /* VomnibarWindow.swift */,
			);
			path = Overlays;
			sourceTree = "<group>";
		};
		658C5A760474DCB453078D22 /* Products */ = {
			isa = PBXGroup;
			children = (
				4FC92EA860523A408A31F8AA /* VimKeys.app */,
				15020DE37358FED17B5191A5 /* VimKeysTests.xctest */,
			);
			name = Products;
			sourceTree = "<group>";
		};
		87940F9E4CFFF6CA4938C514 /* VimKeys */ = {
			isa = PBXGroup;
			children = (
				514129D1C8FA0A6FD0F6AD0E /* AppModel.swift */,
				4F228CD26B6C9F6D5A404A12 /* Assets.xcassets */,
				4829AA47AA7C3D71186E52C7 /* AXLinkExtractor.swift */,
				4D59CB50E2605937670B3A1C /* EventTapEngine.swift */,
				01D5EC39F624E7E18B3A3D86 /* EventTapService.swift */,
				942AB09B3B5A4820F73B44E7 /* Info.plist */,
				1A436DBB67699499A37E5C9D /* KeyboardLayoutCache.swift */,
				12DD44CB7ADCBF6AB9CDF258 /* KeyCatalog.swift */,
				15896B24641581543DBA4FA2 /* LaunchAtLoginController.swift */,
				81C32FFAAAC97D2F8C9D555F /* LinkHintCoordinator.swift */,
				12FD49DCDC53D5540670E20F /* LinkHintEngine.swift */,
				004109781E456471EA923D53 /* MenuBarIconView.swift */,
				1B99829E68796F87CA56BC18 /* PermissionController.swift */,
				9A1368746B58D900849CEC8E /* SafariBookmarks.swift */,
				4108153C9AF722A1FCC16B8F /* SafariBridge.swift */,
				8D316DCF978DDD42EA98898E /* SafariObserver.swift */,
				38843A996B96698BF4ECD02A /* SafariRoleClassifier.swift */,
				3ADF6D313D3FD5437453CF47 /* StatusMenuView.swift */,
				8DE55A32FD697066857778A2 /* USKeyboardLayout.swift */,
				6189A6AC773A645B6AD9BCCB /* VimKeysApp.swift */,
				63F9A5BB959472464EFBE253 /* VimSettings.swift */,
				57CDAC30AF31E71F59144F6B /* VimStateMachine.swift */,
				D5FB745C4745727F1DD18A7B /* VomnibarCoordinator.swift */,
				10533F23980E224C71FC4455 /* Overlays */,
				948180F7D46918C467EAB0BC /* Persistence */,
				B324E757EF9125B720148469 /* Settings */,
			);
			path = VimKeys;
			sourceTree = "<group>";
		};
		93C7BF5A9FD5BEC6DDF0CD8B /* VimKeysTests */ = {
			isa = PBXGroup;
			children = (
				0C0BEE7B1A705BFD0252CAFB /* KeyCatalogTests.swift */,
				37C6C4E55A64EFC5E8AD4F84 /* LinkHintEngineTests.swift */,
				5E8FF24F6720B9B25FD71145 /* SafariBookmarksTests.swift */,
				2EDB80F84565BA437686D9DF /* SafariRoleClassifierTests.swift */,
				A63B662FA15A787614BD7028 /* SettingsStoreTests.swift */,
				733859216D77D02BFEEFD8C2 /* SitesStoreTests.swift */,
				B8212FCD7AE373B1BF7E2AE7 /* USKeyboardLayoutTests.swift */,
				20A92B62749BD7E48E714683 /* VimStateMachineTests.swift */,
			);
			path = VimKeysTests;
			sourceTree = "<group>";
		};
		948180F7D46918C467EAB0BC /* Persistence */ = {
			isa = PBXGroup;
			children = (
				164FDFCFEBCBD4F6DA118795 /* SettingsStore.swift */,
				3FA6E9F62BE2AD7FCF356518 /* SitesStore.swift */,
			);
			path = Persistence;
			sourceTree = "<group>";
		};
		B324E757EF9125B720148469 /* Settings */ = {
			isa = PBXGroup;
			children = (
				034AE2C7D5C982723685AA72 /* SettingsView.swift */,
			);
			path = Settings;
			sourceTree = "<group>";
		};
		C6681500C4F1AE7E12B98CDD = {
			isa = PBXGroup;
			children = (
				87940F9E4CFFF6CA4938C514 /* VimKeys */,
				93C7BF5A9FD5BEC6DDF0CD8B /* VimKeysTests */,
				658C5A760474DCB453078D22 /* Products */,
			);
			sourceTree = "<group>";
		};
/* End PBXGroup section */

/* Begin PBXNativeTarget section */
		807BAA65285845B8530F1E1D /* VimKeysTests */ = {
			isa = PBXNativeTarget;
			buildConfigurationList = 485615939BCD33B9A0112145 /* Build configuration list for PBXNativeTarget "VimKeysTests" */;
			buildPhases = (
				315178ACFD3B38BAF876E2DA /* Sources */,
			);
			buildRules = (
			);
			dependencies = (
				128C2CF40A7ABFE380AC9974 /* PBXTargetDependency */,
			);
			name = VimKeysTests;
			packageProductDependencies = (
			);
			productName = VimKeysTests;
			productReference = 15020DE37358FED17B5191A5 /* VimKeysTests.xctest */;
			productType = "com.apple.product-type.bundle.unit-test";
		};
		FB8687E2611B9DF5A4A5B89C /* VimKeys */ = {
			isa = PBXNativeTarget;
			buildConfigurationList = EAF76EA166B05E0E197040DA /* Build configuration list for PBXNativeTarget "VimKeys" */;
			buildPhases = (
				32079988051737F50F654D4F /* Sources */,
				DC853495F08B498528F8B122 /* Resources */,
				891954214CE8DC325418AB44 /* Frameworks */,
			);
			buildRules = (
			);
			dependencies = (
			);
			name = VimKeys;
			packageProductDependencies = (
				EA9D65BC2F543890BC1F4BE0 /* Sparkle */,
			);
			productName = VimKeys;
			productReference = 4FC92EA860523A408A31F8AA /* VimKeys.app */;
			productType = "com.apple.product-type.application";
		};
/* End PBXNativeTarget section */

/* Begin PBXProject section */
		A823DE2C407477C37625B01C /* Project object */ = {
			isa = PBXProject;
			attributes = {
				BuildIndependentTargetsInParallel = YES;
				LastUpgradeCheck = 1430;
				TargetAttributes = {
				};
			};
			buildConfigurationList = 456EDB1C134EB5307FC46F89 /* Build configuration list for PBXProject "VimKeys" */;
			developmentRegion = en;
			hasScannedForEncodings = 0;
			knownRegions = (
				Base,
				en,
			);
			mainGroup = C6681500C4F1AE7E12B98CDD;
			minimizedProjectReferenceProxies = 1;
			packageReferences = (
				C60A965035296F37D6A3FC7B /* XCRemoteSwiftPackageReference "Sparkle" */,
			);
			preferredProjectObjectVersion = 77;
			productRefGroup = 658C5A760474DCB453078D22 /* Products */;
			projectDirPath = "";
			projectRoot = "";
			targets = (
				FB8687E2611B9DF5A4A5B89C /* VimKeys */,
				807BAA65285845B8530F1E1D /* VimKeysTests */,
			);
		};
/* End PBXProject section */

/* Begin PBXResourcesBuildPhase section */
		DC853495F08B498528F8B122 /* Resources */ = {
			isa = PBXResourcesBuildPhase;
			buildActionMask = 2147483647;
			files = (
				581FEC85478083C73505E5D0 /* Assets.xcassets in Resources */,
			);
			runOnlyForDeploymentPostprocessing = 0;
		};
/* End PBXResourcesBuildPhase section */

/* Begin PBXSourcesBuildPhase section */
		315178ACFD3B38BAF876E2DA /* Sources */ = {
			isa = PBXSourcesBuildPhase;
			buildActionMask = 2147483647;
			files = (
				145EB7088EE741755FE65E9F /* KeyCatalogTests.swift in Sources */,
				F0ABC31E0DBF7F32A1A7B80C /* LinkHintEngineTests.swift in Sources */,
				F3BBA4DA1D2008B48CF65B5D /* SafariBookmarksTests.swift in Sources */,
				25BABCD42029B613E734270D /* SafariRoleClassifierTests.swift in Sources */,
				D3553166021422DD6FE16A64 /* SettingsStoreTests.swift in Sources */,
				08DF777457F9B98F206B81F3 /* SitesStoreTests.swift in Sources */,
				233EC0FDD4AF2C0FE6486471 /* USKeyboardLayoutTests.swift in Sources */,
				41C3903DC6EADB47FFDF37FE /* VimStateMachineTests.swift in Sources */,
			);
			runOnlyForDeploymentPostprocessing = 0;
		};
		32079988051737F50F654D4F /* Sources */ = {
			isa = PBXSourcesBuildPhase;
			buildActionMask = 2147483647;
			files = (
				7C04874311C3634430C699EA /* AXLinkExtractor.swift in Sources */,
				521A69AB58F6C0DD80586D67 /* AppModel.swift in Sources */,
				C2B97EEAE7416D29EDCA4B61 /* EventTapEngine.swift in Sources */,
				42DF4916F2EDA85F07135995 /* EventTapService.swift in Sources */,
				271A12C9FF9A2195C1E313B6 /* HelpOverlayWindow.swift in Sources */,
				D9766F2EF69BD8227882F7EA /* HintOverlayWindow.swift in Sources */,
				5E7346DC55AC5BC150384642 /* KeyCatalog.swift in Sources */,
				808C03952C75ABEF7C80DCA9 /* KeyboardLayoutCache.swift in Sources */,
				7D3F61E34BA0F49D1EF75E48 /* LaunchAtLoginController.swift in Sources */,
				B008C392E6B077B6C47FFD4C /* LinkHintCoordinator.swift in Sources */,
				08C26D4A732097EDC86E7889 /* LinkHintEngine.swift in Sources */,
				19880BA1951291CAD2B528BB /* MenuBarIconView.swift in Sources */,
				D2218425E2081E51D03957AA /* OverlayManager.swift in Sources */,
				037A599E2DF7CF12FE0D2FDB /* PermissionController.swift in Sources */,
				CA6A1DABCD38EB44F6DA0369 /* SafariBookmarks.swift in Sources */,
				256EC8ABD4596F84E62A5259 /* SafariBridge.swift in Sources */,
				D5D89FF8B52361736F5BB5D7 /* SafariObserver.swift in Sources */,
				492282F39E9367E6403EB8B5 /* SafariRoleClassifier.swift in Sources */,
				2FC0B88CD3E01789963DCEB5 /* SettingsStore.swift in Sources */,
				92BAE5C984A99769E4A08A82 /* SettingsView.swift in Sources */,
				679926D748503FB62A04AE3A /* SitesStore.swift in Sources */,
				85DB839D20DA9EC340F6BBBF /* StatusMenuView.swift in Sources */,
				6368B980DFE82DD0F925C862 /* USKeyboardLayout.swift in Sources */,
				F96B50A1A1253FB0F0FE4654 /* VimKeysApp.swift in Sources */,
				C3E978198846A7C234D21F3C /* VimSettings.swift in Sources */,
				3BF71BBDA9A6C3E0CFEBD3C9 /* VimStateMachine.swift in Sources */,
				8DB4853FBB289C68E5CC4D6E /* VomnibarCoordinator.swift in Sources */,
				9DEADF1AEF0CEDAF8290A2B1 /* VomnibarWindow.swift in Sources */,
			);
			runOnlyForDeploymentPostprocessing = 0;
		};
/* End PBXSourcesBuildPhase section */

/* Begin PBXTargetDependency section */
		128C2CF40A7ABFE380AC9974 /* PBXTargetDependency */ = {
			isa = PBXTargetDependency;
			target = FB8687E2611B9DF5A4A5B89C /* VimKeys */;
			targetProxy = 03C853A1004102E670A82E6F /* PBXContainerItemProxy */;
		};
/* End PBXTargetDependency section */

/* Begin XCBuildConfiguration section */
		175CC7C7F0E1B0A311786DC2 /* Debug */ = {
			isa = XCBuildConfiguration;
			buildSettings = {
				ALWAYS_SEARCH_USER_PATHS = NO;
				CLANG_ANALYZER_NONNULL = YES;
				CLANG_ANALYZER_NUMBER_OBJECT_CONVERSION = YES_AGGRESSIVE;
				CLANG_CXX_LANGUAGE_STANDARD = "gnu++14";
				CLANG_CXX_LIBRARY = "libc++";
				CLANG_ENABLE_MODULES = YES;
				CLANG_ENABLE_OBJC_ARC = YES;
				CLANG_ENABLE_OBJC_WEAK = YES;
				CLANG_WARN_BLOCK_CAPTURE_AUTORELEASING = YES;
				CLANG_WARN_BOOL_CONVERSION = YES;
				CLANG_WARN_COMMA = YES;
				CLANG_WARN_CONSTANT_CONVERSION = YES;
				CLANG_WARN_DEPRECATED_OBJC_IMPLEMENTATIONS = YES;
				CLANG_WARN_DIRECT_OBJC_ISA_USAGE = YES_ERROR;
				CLANG_WARN_DOCUMENTATION_COMMENTS = YES;
				CLANG_WARN_EMPTY_BODY = YES;
				CLANG_WARN_ENUM_CONVERSION = YES;
				CLANG_WARN_INFINITE_RECURSION = YES;
				CLANG_WARN_INT_CONVERSION = YES;
				CLANG_WARN_NON_LITERAL_NULL_CONVERSION = YES;
				CLANG_WARN_OBJC_IMPLICIT_RETAIN_SELF = YES;
				CLANG_WARN_OBJC_LITERAL_CONVERSION = YES;
				CLANG_WARN_OBJC_ROOT_CLASS = YES_ERROR;
				CLANG_WARN_QUOTED_INCLUDE_IN_FRAMEWORK_HEADER = YES;
				CLANG_WARN_RANGE_LOOP_ANALYSIS = YES;
				CLANG_WARN_STRICT_PROTOTYPES = YES;
				CLANG_WARN_SUSPICIOUS_MOVE = YES;
				CLANG_WARN_UNGUARDED_AVAILABILITY = YES_AGGRESSIVE;
				CLANG_WARN_UNREACHABLE_CODE = YES;
				CLANG_WARN__DUPLICATE_METHOD_MATCH = YES;
				COPY_PHASE_STRIP = NO;
				CURRENT_PROJECT_VERSION = 10;
				DEBUG_INFORMATION_FORMAT = dwarf;
				ENABLE_STRICT_OBJC_MSGSEND = YES;
				ENABLE_TESTABILITY = YES;
				GCC_C_LANGUAGE_STANDARD = gnu11;
				GCC_DYNAMIC_NO_PIC = NO;
				GCC_NO_COMMON_BLOCKS = YES;
				GCC_OPTIMIZATION_LEVEL = 0;
				GCC_PREPROCESSOR_DEFINITIONS = (
					"$(inherited)",
					"DEBUG=1",
				);
				GCC_WARN_64_TO_32_BIT_CONVERSION = YES;
				GCC_WARN_ABOUT_RETURN_TYPE = YES_ERROR;
				GCC_WARN_UNDECLARED_SELECTOR = YES;
				GCC_WARN_UNINITIALIZED_AUTOS = YES_AGGRESSIVE;
				GCC_WARN_UNUSED_FUNCTION = YES;
				GCC_WARN_UNUSED_VARIABLE = YES;
				MARKETING_VERSION = 0.6.1;
				MTL_ENABLE_DEBUG_INFO = INCLUDE_SOURCE;
				MTL_FAST_MATH = YES;
				ONLY_ACTIVE_ARCH = YES;
				PRODUCT_NAME = "$(TARGET_NAME)";
				SDKROOT = macosx;
				SWIFT_ACTIVE_COMPILATION_CONDITIONS = DEBUG;
				SWIFT_OPTIMIZATION_LEVEL = "-Onone";
				SWIFT_VERSION = 6.0;
			};
			name = Debug;
		};
		6CD86F03088361F8B336002B /* Debug */ = {
			isa = XCBuildConfiguration;
			buildSettings = {
				BUNDLE_LOADER = "$(TEST_HOST)";
				COMBINE_HIDPI_IMAGES = YES;
				GENERATE_INFOPLIST_FILE = YES;
				LD_RUNPATH_SEARCH_PATHS = (
					"$(inherited)",
					"@executable_path/../Frameworks",
					"@loader_path/../Frameworks",
				);
				MACOSX_DEPLOYMENT_TARGET = 14.0;
				SDKROOT = macosx;
				TEST_HOST = "$(BUILT_PRODUCTS_DIR)/VimKeys.app/Contents/MacOS/VimKeys";
			};
			name = Debug;
		};
		6FDE317D4F98B8F385531664 /* Release */ = {
			isa = XCBuildConfiguration;
			buildSettings = {
				BUNDLE_LOADER = "$(TEST_HOST)";
				COMBINE_HIDPI_IMAGES = YES;
				GENERATE_INFOPLIST_FILE = YES;
				LD_RUNPATH_SEARCH_PATHS = (
					"$(inherited)",
					"@executable_path/../Frameworks",
					"@loader_path/../Frameworks",
				);
				MACOSX_DEPLOYMENT_TARGET = 14.0;
				SDKROOT = macosx;
				TEST_HOST = "$(BUILT_PRODUCTS_DIR)/VimKeys.app/Contents/MacOS/VimKeys";
			};
			name = Release;
		};
		B30B5A3D0F49463CF4B73779 /* Release */ = {
			isa = XCBuildConfiguration;
			buildSettings = {
				ASSETCATALOG_COMPILER_APPICON_NAME = AppIcon;
				CODE_SIGN_IDENTITY = "Developer ID Application";
				CODE_SIGN_STYLE = Manual;
				COMBINE_HIDPI_IMAGES = YES;
				DEVELOPMENT_TEAM = K7CBQW6MPG;
				GENERATE_INFOPLIST_FILE = NO;
				INFOPLIST_FILE = VimKeys/Info.plist;
				LD_RUNPATH_SEARCH_PATHS = (
					"$(inherited)",
					"@executable_path/../Frameworks",
				);
				MACOSX_DEPLOYMENT_TARGET = 14.0;
				OTHER_CODE_SIGN_FLAGS = "--timestamp=none";
				PRODUCT_BUNDLE_IDENTIFIER = io.taylorfinklea.vimkeys;
				PRODUCT_NAME = VimKeys;
				SDKROOT = macosx;
			};
			name = Release;
		};
		C253302523B18B7EB6E26AB2 /* Debug */ = {
			isa = XCBuildConfiguration;
			buildSettings = {
				ASSETCATALOG_COMPILER_APPICON_NAME = AppIcon;
				CODE_SIGN_STYLE = Automatic;
				COMBINE_HIDPI_IMAGES = YES;
				GENERATE_INFOPLIST_FILE = NO;
				INFOPLIST_FILE = VimKeys/Info.plist;
				LD_RUNPATH_SEARCH_PATHS = (
					"$(inherited)",
					"@executable_path/../Frameworks",
				);
				MACOSX_DEPLOYMENT_TARGET = 14.0;
				PRODUCT_BUNDLE_IDENTIFIER = io.taylorfinklea.vimkeys;
				PRODUCT_NAME = VimKeys;
				SDKROOT = macosx;
			};
			name = Debug;
		};
		F7962978D369F3F35FD5607A /* Release */ = {
			isa = XCBuildConfiguration;
			buildSettings = {
				ALWAYS_SEARCH_USER_PATHS = NO;
				CLANG_ANALYZER_NONNULL = YES;
				CLANG_ANALYZER_NUMBER_OBJECT_CONVERSION = YES_AGGRESSIVE;
				CLANG_CXX_LANGUAGE_STANDARD = "gnu++14";
				CLANG_CXX_LIBRARY = "libc++";
				CLANG_ENABLE_MODULES = YES;
				CLANG_ENABLE_OBJC_ARC = YES;
				CLANG_ENABLE_OBJC_WEAK = YES;
				CLANG_WARN_BLOCK_CAPTURE_AUTORELEASING = YES;
				CLANG_WARN_BOOL_CONVERSION = YES;
				CLANG_WARN_COMMA = YES;
				CLANG_WARN_CONSTANT_CONVERSION = YES;
				CLANG_WARN_DEPRECATED_OBJC_IMPLEMENTATIONS = YES;
				CLANG_WARN_DIRECT_OBJC_ISA_USAGE = YES_ERROR;
				CLANG_WARN_DOCUMENTATION_COMMENTS = YES;
				CLANG_WARN_EMPTY_BODY = YES;
				CLANG_WARN_ENUM_CONVERSION = YES;
				CLANG_WARN_INFINITE_RECURSION = YES;
				CLANG_WARN_INT_CONVERSION = YES;
				CLANG_WARN_NON_LITERAL_NULL_CONVERSION = YES;
				CLANG_WARN_OBJC_IMPLICIT_RETAIN_SELF = YES;
				CLANG_WARN_OBJC_LITERAL_CONVERSION = YES;
				CLANG_WARN_OBJC_ROOT_CLASS = YES_ERROR;
				CLANG_WARN_QUOTED_INCLUDE_IN_FRAMEWORK_HEADER = YES;
				CLANG_WARN_RANGE_LOOP_ANALYSIS = YES;
				CLANG_WARN_STRICT_PROTOTYPES = YES;
				CLANG_WARN_SUSPICIOUS_MOVE = YES;
				CLANG_WARN_UNGUARDED_AVAILABILITY = YES_AGGRESSIVE;
				CLANG_WARN_UNREACHABLE_CODE = YES;
				CLANG_WARN__DUPLICATE_METHOD_MATCH = YES;
				COPY_PHASE_STRIP = NO;
				CURRENT_PROJECT_VERSION = 10;
				DEBUG_INFORMATION_FORMAT = "dwarf-with-dsym";
				ENABLE_NS_ASSERTIONS = NO;
				ENABLE_STRICT_OBJC_MSGSEND = YES;
				GCC_C_LANGUAGE_STANDARD = gnu11;
				GCC_NO_COMMON_BLOCKS = YES;
				GCC_WARN_64_TO_32_BIT_CONVERSION = YES;
				GCC_WARN_ABOUT_RETURN_TYPE = YES_ERROR;
				GCC_WARN_UNDECLARED_SELECTOR = YES;
				GCC_WARN_UNINITIALIZED_AUTOS = YES_AGGRESSIVE;
				GCC_WARN_UNUSED_FUNCTION = YES;
				GCC_WARN_UNUSED_VARIABLE = YES;
				MARKETING_VERSION = 0.6.1;
				MTL_ENABLE_DEBUG_INFO = NO;
				MTL_FAST_MATH = YES;
				PRODUCT_NAME = "$(TARGET_NAME)";
				SDKROOT = macosx;
				SWIFT_COMPILATION_MODE = wholemodule;
				SWIFT_OPTIMIZATION_LEVEL = "-O";
				SWIFT_VERSION = 6.0;
			};
			name = Release;
		};
/* End XCBuildConfiguration section */

/* Begin XCConfigurationList section */
		456EDB1C134EB5307FC46F89 /* Build configuration list for PBXProject "VimKeys" */ = {
			isa = XCConfigurationList;
			buildConfigurations = (
				175CC7C7F0E1B0A311786DC2 /* Debug */,
				F7962978D369F3F35FD5607A /* Release */,
			);
			defaultConfigurationIsVisible = 0;
			defaultConfigurationName = Debug;
		};
		485615939BCD33B9A0112145 /* Build configuration list for PBXNativeTarget "VimKeysTests" */ = {
			isa = XCConfigurationList;
			buildConfigurations = (
				6CD86F03088361F8B336002B /* Debug */,
				6FDE317D4F98B8F385531664 /* Release */,
			);
			defaultConfigurationIsVisible = 0;
			defaultConfigurationName = Debug;
		};
		EAF76EA166B05E0E197040DA /* Build configuration list for PBXNativeTarget "VimKeys" */ = {
			isa = XCConfigurationList;
			buildConfigurations = (
				C253302523B18B7EB6E26AB2 /* Debug */,
				B30B5A3D0F49463CF4B73779 /* Release */,
			);
			defaultConfigurationIsVisible = 0;
			defaultConfigurationName = Debug;
		};
/* End XCConfigurationList section */

/* Begin XCRemoteSwiftPackageReference section */
		C60A965035296F37D6A3FC7B /* XCRemoteSwiftPackageReference "Sparkle" */ = {
			isa = XCRemoteSwiftPackageReference;
			repositoryURL = "https://github.com/sparkle-project/Sparkle";
			requirement = {
				kind = upToNextMajorVersion;
				minimumVersion = 2.6.0;
			};
		};
/* End XCRemoteSwiftPackageReference section */

/* Begin XCSwiftPackageProductDependency section */
		EA9D65BC2F543890BC1F4BE0 /* Sparkle */ = {
			isa = XCSwiftPackageProductDependency;
			package = C60A965035296F37D6A3FC7B /* XCRemoteSwiftPackageReference "Sparkle" */;
			productName = Sparkle;
		};
/* End XCSwiftPackageProductDependency section */
	};
	rootObject = A823DE2C407477C37625B01C /* Project object */;
}
